
Microsoft Visual Studio Solution File, Format Version 12.00
# Visual Studio Version 17
VisualStudioVersion = 17.5.33424.131
MinimumVisualStudioVersion = 10.0.40219.1
Project("{FAE04EC0-301F-11D3-BF4B-00C04F79EFBC}") = "Functions", "Functions\Functions.csproj", "{E47F4975-1713-4765-AA44-979867830126}"
EndProject
Global
	GlobalSection(SolutionConfigurationPlatforms) = preSolution
		Debug|Any CPU = Debug|Any CPU
		Release|Any CPU = Release|Any CPU
	EndGlobalSection
	GlobalSection(ProjectConfigurationPlatforms) = postSolution
		{E47F4975-1713-4765-AA44-979867830126}.Debug|Any CPU.ActiveCfg = Debug|Any CPU
		{E47F4975-1713-4765-AA44-979867830126}.Debug|Any CPU.Build.0 = Debug|Any CPU
		{E47F4975-1713-4765-AA44-979867830126}.Release|Any CPU.ActiveCfg = Release|Any CPU
		{E47F4975-1713-4765-AA44-979867830126}.Release|Any CPU.Build.0 = Release|Any CPU
	EndGlobalSection
	GlobalSection(SolutionProperties) = preSolution
		HideSolutionNode = FALSE
	EndGlobalSection
	GlobalSection(ExtensibilityGlobals) = postSolution
		SolutionGuid = {199C2DB1-46D0-41AD-8E2E-BC607F5D09AC}
	EndGlobalSection
EndGlobal
