
Microsoft Visual Studio Solution File, Format Version 12.00
# Visual Studio Version 16
VisualStudioVersion = 16.0.30413.136
MinimumVisualStudioVersion = 10.0.40219.1
Project("{FAE04EC0-301F-11D3-BF4B-00C04F79EFBC}") = "notebook_console", "notebook_console\notebook_console.csproj", "{BBC746B6-C1A7-49F3-BE2B-8C74D97C4AC2}"
EndProject
Global
	GlobalSection(SolutionConfigurationPlatforms) = preSolution
		Debug|Any CPU = Debug|Any CPU
		Release|Any CPU = Release|Any CPU
	EndGlobalSection
	GlobalSection(ProjectConfigurationPlatforms) = postSolution
		{BBC746B6-C1A7-49F3-BE2B-8C74D97C4AC2}.Debug|Any CPU.ActiveCfg = Debug|Any CPU
		{BBC746B6-C1A7-49F3-BE2B-8C74D97C4AC2}.Debug|Any CPU.Build.0 = Debug|Any CPU
		{BBC746B6-C1A7-49F3-BE2B-8C74D97C4AC2}.Release|Any CPU.ActiveCfg = Release|Any CPU
		{BBC746B6-C1A7-49F3-BE2B-8C74D97C4AC2}.Release|Any CPU.Build.0 = Release|Any CPU
	EndGlobalSection
	GlobalSection(SolutionProperties) = preSolution
		HideSolutionNode = FALSE
	EndGlobalSection
	GlobalSection(ExtensibilityGlobals) = postSolution
		SolutionGuid = {789DFE8D-2434-4837-92B3-70FB737B719E}
	EndGlobalSection
EndGlobal
